{
    "_meta": {
        "hash": {
            "sha256": "f8cc26b18d49d5d5f3f81705925e92de443e8ed192d27002ac852a59d05edcc3"
        },
        "pipfile-spec": 6,
        "requires": {
            "python_version": "3.11"
        },
        "sources": [
            {
                "name": "pypi",
                "url": "https://pypi.org/simple",
                "verify_ssl": true
            }
        ]
    },
    "default": {
        "datetime": {
            "hashes": [
                "sha256:25250fb36f7184dad805faaf3f012e0b36f353cd97518e8f232babef5c53596e",
                "sha256:63194d2184de10e0b41e76596ba6538bd1d89db6f7b3c182789c75b0ac5c6697"
            ],
            "index": "pypi",
            "version": "==5.2"
        },
        "ephem": {
            "hashes": [
                "sha256:024752ae7074c660630046929e12650cc6e72e1c11b7554ccefbe16f8ce3c48d",
                "sha256:0493ad1b3d2505acbf442e31aadb86fba096ba30008a586fe6361a9de5974ed3",
                "sha256:11be09d245e77457e87988a4fdc811bdc6c5f1daaa73fb24289b220db720831d",
                "sha256:158bf9fb2b58cb77c606687c9ad35dc82903ed00617a12c93dd2d89a65d6374d",
                "sha256:171fc5e7c4e9523f900dfd5ab6520bceb260a2b59fcb558d9aec17fd562b6251",
                "sha256:1cceea883856817f3ea3f73442e3be3a4a56558cdb77cc85d02db4429ce5ab16",
                "sha256:1e429f6e0e05e4c8c54802e951cd1bde440dd6f896c2b5691ef5ebd9bc3ba489",
                "sha256:23e1432f021c69b2965c87a693ffd25caf08416e92bcb0fed91425083a374210",
                "sha256:24b7e90c731e851a56ab5e9d538915faaa54945e9b5211cfdf04e570fc27c529",
                "sha256:3442fba6afae0bcb643c9b069765033b67d2c8fe4350f9beb4f2f5cfdaaa7442",
                "sha256:39c710d73449b1c495b58d803da881363a0cae4b728de9fa332f77bcb4686ac8",
                "sha256:3a29de7c737047cc2412edada9d03b761339d3560d7db471cd04f257e1e02f2f",
                "sha256:3b2677d3a5b42aedc578de10b0eecdba6a50731f159cb28f7ad38c5f62143494",
                "sha256:3bd7da534a542d937b10f3c643301dc9b8bc09f7a40350b32efc32910232da9e",
                "sha256:3c39fb62c240f57533ea618295e510c44e466e74f2f4a899fbaa04b166b62d04",
                "sha256:40067fc050c946c8d4c2d779805b61f063471a091e6124cbabcf61ac538011b2",
                "sha256:4039aa2f0b8c204283fc478551d8b29c9473137ad8a910a5ff60ae3be6593c7b",
                "sha256:41680b48aeae5b992371bf7ec1bc07457500ff4a6ea7d333793e945b97951de0",
                "sha256:4e737b49643a300fa15b788accc72802af93b49cd5d071e53111e08e3fba6570",
                "sha256:4e8ec4e29c7f04d6334215775a8c4dc77eae8ed698384530d9415a98500ed01c",
                "sha256:4f3650c27c3ab6b73e2de7fd8de10e1c0d73f4683c9c5fb2e7113722ec2c2b53",
                "sha256:5327fd48fc8ff966023a6f177813fc058bb2a496c70b53a79f85bf2eba3ca93d",
                "sha256:555d63d70e36e46e43b955c37cdb0f8b82ee2051c575960c4b01948be9f04e5e",
                "sha256:55d7fb5c34b2e453e01fa4ca7ee375b19b438c9401ae8c4099ae4a3a37656972",
                "sha256:56c448a83290dabd1df5865fbf9e39d17400abcef37cb36de90ea1a860c0a08e",
                "sha256:589a2235f49232b92ee0247923360a264086a57b2c39d4191348f95ba5ce0c3d",
                "sha256:5beaa0cb659951211aec33a7c132557a1a161dacf53f1b1493830489cfc68215",
                "sha256:649bd2c85f5fc450136dacc0416af7127a07c0b2ce84bfdc89c1bc78129216a3",
                "sha256:72078b49748318cbbbe1a49ab5dcd05e63c917151351175b590833e6163a1506",
                "sha256:73a59f0d2162d1624535c3c3b75f956556bdbb2055eaf554a7bef147d3f9c760",
                "sha256:7e2abe97aa2b091090012768b4d94793213cc01f0bf040dcc311a380ab08df69",
                "sha256:7f51a3bcd5f69c4070e8a6936e4a61019ad2d6b94bc8b5ca1e498dea0962a373",
                "sha256:80a73da8ec61f86e5a97f73311159e61279dabdfbd17c9d4e2791a25a836f9ce",
                "sha256:85809803e349bb4a0d56880067549abdc2b93fddf93ac3d55486040cbec1553f",
                "sha256:86d6dda3581e61f6bad5479e26bca9e560671852ac00a5a8ed10f722635ddf71",
                "sha256:8974799afb37f17ac71e16e479d0e315d74bea4bed2becaf21d1b9304299bbaf",
                "sha256:8979429643ac4e29a5496321c9c41a20cd7a6a530aee9865c7fab0008450ef28",
                "sha256:89f759ce8e3489d15b9f3796d210196085dcb84cacdf24b2ece791b029245544",
                "sha256:8e0bb8379fb6b709a3cbceb6a11a3dc0f25e5b16a6f009b48e09d6b95f896d9c",
                "sha256:8f9b27117e7a82f7f70db9cb23b5cc36d37b166a2f73c55e14d7225d0ab95afa",
                "sha256:93d8f8b4e6206d3401dbdb0cdabb0d15c59cf9c2a7ee7c586da8c7dbf1f2a136",
                "sha256:9aabc3cab5fb9440564dfdf79e39ee01d16554d7bfb8228cddfe9eada460dba9",
                "sha256:9bb21c0b117c9122c0141b0a71ee6fbbb087ed2aab4a7ab60f009e95e9f4a521",
                "sha256:a146db114cfc942d123a38c301a8b8ca7eef2e37d2c5a4bd59e4abc99123c083",
                "sha256:a21a11285904f43c3bc6909727d09109b8e38dc2e3cda662089601cb37b3d082",
                "sha256:a8d125d04800425a9d944109710687bbb3703e8f04ac3bc8445779bb0ad5dcc2",
                "sha256:a940cd4d8d7aed68efd3d6b717f393bbedf541d388ba11eb3ed56a9fc6cbb1ca",
                "sha256:aac0a0e41deb2a197cf67e800a3d0f4029139b9ce12bed148ffe994ec78593f9",
                "sha256:aad22e769bd35415cad8f2ef6d4d875190d9bdad4fed2842fd19dac6f1ccb9dd",
                "sha256:ab40ad7a5ccd66cad4161ca2295c04f01a74ec596c936c3af97a67733e2cd5bf",
                "sha256:b2ba977ad0402ac44fe66af6e1119632efe84b7d1255f8f6f94d7768d9487453",
                "sha256:bbd4727498928ece694ec1b33023f16b6d050d9952d4052129b24e08e04d67fd",
                "sha256:c8b79b47c7be0d64013fb5d97dd6bbfb9bf63ae07b2ec917be19d3b4cc5782b8",
                "sha256:d0403738f59aefe81ee5b0219cd909f2a05b03b7da465f9b233da57d3dea0de6",
                "sha256:d2c56238a1aec72a78ad7061f5c531df97a66ea0cca45204b6b8141c3bb1540e",
                "sha256:d343e9ca26f04a05b01fcaaf800224da5d15ad76902d7dc452c216e448293893",
                "sha256:d61f38f35c25049ca2b95aa4e12e952e5ef56b31eac4a9d6d4e24aacf9373101",
                "sha256:d6918b012365791b786ed0f30e8ea3941cbc49486dcf6c28d151f119c62d5be8",
                "sha256:daf1a1280102e14c718d684989da34151697a426522f8ae18b1081e8bad705c9",
                "sha256:df9c482c8d25e69271311606b4de0e177e44ceb11781c7ebacf17cc5b391f832",
                "sha256:e3327218495235ec215ffe43253c0bf3fa982f59504b351c53b024f1c7b63752",
                "sha256:e3da3b76d5d5e339461059c3314013c152ef569c798bfd578bcfb504b875a837",
                "sha256:e731c3e2f1767fab14e5d4077a3519f70afd22cb7dd113274c2850f8ef8ff828",
                "sha256:f11edaef2e4a4d010e21b5ff8bcd9435fbc7fe9e16923f81143f248ae8ae8e9d",
                "sha256:f3e9ea626bc522fd4dd1ff795f0922fcb4c4eb57effe91b6284411166ddd1fd7",
                "sha256:feab5f68ae9fa622d6316790c9cfc399e8b78f7958a61da4edf2cb5e0e675d44",
                "sha256:fffe176bd94f4f61be5a54b54a966988cceb6ba69a6ed729aab166020fdb37c3"
            ],
            "index": "pypi",
            "version": "==4.1.4"
        },
        "et-xmlfile": {
            "hashes": [
                "sha256:8eb9e2bc2f8c97e37a2dc85a09ecdcdec9d8a396530a6d5a33b30b9a92da0c5c",
                "sha256:a2ba85d1d6a74ef63837eed693bcb89c3f752169b0e3e7ae5b16ca5e1b3deada"
            ],
            "markers": "python_version >= '3.6'",
            "version": "==1.1.0"
        },
        "numpy": {
            "hashes": [
                "sha256:0d60fbae8e0019865fc4784745814cff1c421df5afee233db6d88ab4f14655a2",
                "sha256:1a1329e26f46230bf77b02cc19e900db9b52f398d6722ca853349a782d4cff55",
                "sha256:1b9735c27cea5d995496f46a8b1cd7b408b3f34b6d50459d9ac8fe3a20cc17bf",
                "sha256:2792d23d62ec51e50ce4d4b7d73de8f67a2fd3ea710dcbc8563a51a03fb07b01",
                "sha256:3e0746410e73384e70d286f93abf2520035250aad8c5714240b0492a7302fdca",
                "sha256:4c3abc71e8b6edba80a01a52e66d83c5d14433cbcd26a40c329ec7ed09f37901",
                "sha256:5883c06bb92f2e6c8181df7b39971a5fb436288db58b5a1c3967702d4278691d",
                "sha256:5c97325a0ba6f9d041feb9390924614b60b99209a71a69c876f71052521d42a4",
                "sha256:60e7f0f7f6d0eee8364b9a6304c2845b9c491ac706048c7e8cf47b83123b8dbf",
                "sha256:76b4115d42a7dfc5d485d358728cdd8719be33cc5ec6ec08632a5d6fca2ed380",
                "sha256:7dc869c0c75988e1c693d0e2d5b26034644399dd929bc049db55395b1379e044",
                "sha256:834b386f2b8210dca38c71a6e0f4fd6922f7d3fcff935dbe3a570945acb1b545",
                "sha256:8b77775f4b7df768967a7c8b3567e309f617dd5e99aeb886fa14dc1a0791141f",
                "sha256:90319e4f002795ccfc9050110bbbaa16c944b1c37c0baeea43c5fb881693ae1f",
                "sha256:b79e513d7aac42ae918db3ad1341a015488530d0bb2a6abcbdd10a3a829ccfd3",
                "sha256:bb33d5a1cf360304754913a350edda36d5b8c5331a8237268c48f91253c3a364",
                "sha256:bec1e7213c7cb00d67093247f8c4db156fd03075f49876957dca4711306d39c9",
                "sha256:c5462d19336db4560041517dbb7759c21d181a67cb01b36ca109b2ae37d32418",
                "sha256:c5652ea24d33585ea39eb6a6a15dac87a1206a692719ff45d53c5282e66d4a8f",
                "sha256:d7806500e4f5bdd04095e849265e55de20d8cc4b661b038957354327f6d9b295",
                "sha256:db3ccc4e37a6873045580d413fe79b68e47a681af8db2e046f1dacfa11f86eb3",
                "sha256:dfe4a913e29b418d096e696ddd422d8a5d13ffba4ea91f9f60440a3b759b0187",
                "sha256:eb942bfb6f84df5ce05dbf4b46673ffed0d3da59f13635ea9b926af3deb76926",
                "sha256:f08f2e037bba04e707eebf4bc934f1972a315c883a9e0ebfa8a7756eabf9e357",
                "sha256:fd608e19c8d7c55021dffd43bfe5492fab8cc105cc8986f813f8c3c048b38760"
            ],
            "markers": "python_version >= '3.10'",
            "version": "==1.25.2"
        },
        "openpyxl": {
            "hashes": [
                "sha256:a6f5977418eff3b2d5500d54d9db50c8277a368436f4e4f8ddb1be3422870184",
                "sha256:f91456ead12ab3c6c2e9491cf33ba6d08357d802192379bb482f1033ade496f5"
            ],
            "index": "pypi",
            "version": "==3.1.2"
        },
        "pandas": {
            "hashes": [
                "sha256:04dbdbaf2e4d46ca8da896e1805bc04eb85caa9a82e259e8eed00254d5e0c682",
                "sha256:1168574b036cd8b93abc746171c9b4f1b83467438a5e45909fed645cf8692dbc",
                "sha256:1994c789bf12a7c5098277fb43836ce090f1073858c10f9220998ac74f37c69b",
                "sha256:258d3624b3ae734490e4d63c430256e716f488c4fcb7c8e9bde2d3aa46c29089",
                "sha256:32fca2ee1b0d93dd71d979726b12b61faa06aeb93cf77468776287f41ff8fdc5",
                "sha256:37673e3bdf1551b95bf5d4ce372b37770f9529743d2498032439371fc7b7eb26",
                "sha256:3ef285093b4fe5058eefd756100a367f27029913760773c8bf1d2d8bebe5d210",
                "sha256:5247fb1ba347c1261cbbf0fcfba4a3121fbb4029d95d9ef4dc45406620b25c8b",
                "sha256:5ec591c48e29226bcbb316e0c1e9423622bc7a4eaf1ef7c3c9fa1a3981f89641",
                "sha256:694888a81198786f0e164ee3a581df7d505024fbb1f15202fc7db88a71d84ebd",
                "sha256:69d7f3884c95da3a31ef82b7618af5710dba95bb885ffab339aad925c3e8ce78",
                "sha256:6a21ab5c89dcbd57f78d0ae16630b090eec626360085a4148693def5452d8a6b",
                "sha256:81af086f4543c9d8bb128328b5d32e9986e0c84d3ee673a2ac6fb57fd14f755e",
                "sha256:9e4da0d45e7f34c069fe4d522359df7d23badf83abc1d1cef398895822d11061",
                "sha256:9eae3dc34fa1aa7772dd3fc60270d13ced7346fcbcfee017d3132ec625e23bb0",
                "sha256:9ee1a69328d5c36c98d8e74db06f4ad518a1840e8ccb94a4ba86920986bb617e",
                "sha256:b084b91d8d66ab19f5bb3256cbd5ea661848338301940e17f4492b2ce0801fe8",
                "sha256:b9cb1e14fdb546396b7e1b923ffaeeac24e4cedd14266c3497216dd4448e4f2d",
                "sha256:ba619e410a21d8c387a1ea6e8a0e49bb42216474436245718d7f2e88a2f8d7c0",
                "sha256:c02f372a88e0d17f36d3093a644c73cfc1788e876a7c4bcb4020a77512e2043c",
                "sha256:ce0c6f76a0f1ba361551f3e6dceaff06bde7514a374aa43e33b588ec10420183",
                "sha256:d9cd88488cceb7635aebb84809d087468eb33551097d600c6dad13602029c2df",
                "sha256:e4c7c9f27a4185304c7caf96dc7d91bc60bc162221152de697c98eb0b2648dd8",
                "sha256:f167beed68918d62bffb6ec64f2e1d8a7d297a038f86d4aed056b9493fca407f",
                "sha256:f3421a7afb1a43f7e38e82e844e2bca9a6d793d66c1a7f9f0ff39a795bbc5e02"
            ],
            "index": "pypi",
            "version": "==2.0.3"
        },
        "python-dateutil": {
            "hashes": [
                "sha256:0123cacc1627ae19ddf3c27a5de5bd67ee4586fbdd6440d9748f8abb483d3e86",
                "sha256:961d03dc3453ebbc59dbdea9e4e11c5651520a876d0f4db161e8674aae935da9"
            ],
            "index": "pypi",
            "version": "==2.8.2"
        },
        "pytz": {
            "hashes": [
                "sha256:1d8ce29db189191fb55338ee6d0387d82ab59f3d00eac103412d64e0ebd0c588",
                "sha256:a151b3abb88eda1d4e34a9814df37de2a80e301e68ba0fd856fb9b46bfbbbffb"
            ],
            "index": "pypi",
            "version": "==2023.3"
        },
        "setuptools": {
            "hashes": [
                "sha256:54faa7f2e8d2d11bcd2c07bed282eef1046b5c080d1c32add737d7b5817b1ad4",
                "sha256:f211a66637b8fa059bb28183da127d4e86396c991a942b028c6650d4319c3fd0"
            ],
            "index": "pypi",
            "markers": "python_version >= '3.8'",
            "version": "==70.0.0"
        },
        "six": {
            "hashes": [
                "sha256:1e61c37477a1626458e36f7b1d82aa5c9b094fa4802892072e49de9c60c4c926",
                "sha256:8abb2f1d86890a2dfb989f9a77cfcfd3e47c2a354b01111771326f8aa26e0254"
            ],
            "markers": "python_version >= '2.7' and python_version not in '3.0, 3.1, 3.2, 3.3'",
            "version": "==1.16.0"
        },
        "tzdata": {
            "hashes": [
                "sha256:11ef1e08e54acb0d4f95bdb1be05da659673de4acbd21bf9c69e94cc5e907a3a",
                "sha256:7e65763eef3120314099b6939b5546db7adce1e7d6f2e179e3df563c70511eda"
            ],
            "markers": "python_version >= '2'",
            "version": "==2023.3"
        },
        "tzlocal": {
            "hashes": [
                "sha256:46eb99ad4bdb71f3f72b7d24f4267753e240944ecfc16f25d2719ba89827a803",
                "sha256:f3596e180296aaf2dbd97d124fe76ae3a0e3d32b258447de7b939b3fd4be992f"
            ],
            "index": "pypi",
            "version": "==5.0.1"
        },
        "xlsxwriter": {
            "hashes": [
                "sha256:331508ff39d610ecdaf979e458840bc1eab6e6a02cfd5d08f044f0f73636236f",
                "sha256:78751099a770273f1c98b8d6643351f68f98ae8e6acf9d09d37dc6798f8cd3de"
            ],
            "index": "pypi",
            "version": "==3.1.2"
        },
        "zope.interface": {
            "hashes": [
                "sha256:042f2381118b093714081fd82c98e3b189b68db38ee7d35b63c327c470ef8373",
                "sha256:0ec9653825f837fbddc4e4b603d90269b501486c11800d7c761eee7ce46d1bbb",
                "sha256:12175ca6b4db7621aedd7c30aa7cfa0a2d65ea3a0105393e05482d7a2d367446",
                "sha256:1592f68ae11e557b9ff2bc96ac8fc30b187e77c45a3c9cd876e3368c53dc5ba8",
                "sha256:23ac41d52fd15dd8be77e3257bc51bbb82469cf7f5e9a30b75e903e21439d16c",
                "sha256:424d23b97fa1542d7be882eae0c0fc3d6827784105264a8169a26ce16db260d8",
                "sha256:4407b1435572e3e1610797c9203ad2753666c62883b921318c5403fb7139dec2",
                "sha256:48f4d38cf4b462e75fac78b6f11ad47b06b1c568eb59896db5b6ec1094eb467f",
                "sha256:4c3d7dfd897a588ec27e391edbe3dd320a03684457470415870254e714126b1f",
                "sha256:5171eb073474a5038321409a630904fd61f12dd1856dd7e9d19cd6fe092cbbc5",
                "sha256:5a158846d0fca0a908c1afb281ddba88744d403f2550dc34405c3691769cdd85",
                "sha256:6ee934f023f875ec2cfd2b05a937bd817efcc6c4c3f55c5778cbf78e58362ddc",
                "sha256:790c1d9d8f9c92819c31ea660cd43c3d5451df1df61e2e814a6f99cebb292788",
                "sha256:809fe3bf1a91393abc7e92d607976bbb8586512913a79f2bf7d7ec15bd8ea518",
                "sha256:87b690bbee9876163210fd3f500ee59f5803e4a6607d1b1238833b8885ebd410",
                "sha256:89086c9d3490a0f265a3c4b794037a84541ff5ffa28bb9c24cc9f66566968464",
                "sha256:99856d6c98a326abbcc2363827e16bd6044f70f2ef42f453c0bd5440c4ce24e5",
                "sha256:aab584725afd10c710b8f1e6e208dbee2d0ad009f57d674cb9d1b3964037275d",
                "sha256:af169ba897692e9cd984a81cb0f02e46dacdc07d6cf9fd5c91e81f8efaf93d52",
                "sha256:b39b8711578dcfd45fc0140993403b8a81e879ec25d53189f3faa1f006087dca",
                "sha256:b3f543ae9d3408549a9900720f18c0194ac0fe810cecda2a584fd4dca2eb3bb8",
                "sha256:d0583b75f2e70ec93f100931660328965bb9ff65ae54695fb3fa0a1255daa6f2",
                "sha256:dfbbbf0809a3606046a41f8561c3eada9db811be94138f42d9135a5c47e75f6f",
                "sha256:e538f2d4a6ffb6edfb303ce70ae7e88629ac6e5581870e66c306d9ad7b564a58",
                "sha256:eba51599370c87088d8882ab74f637de0c4f04a6d08a312dce49368ba9ed5c2a",
                "sha256:ee4b43f35f5dc15e1fec55ccb53c130adb1d11e8ad8263d68b1284b66a04190d",
                "sha256:f2363e5fd81afb650085c6686f2ee3706975c54f331b426800b53531191fdf28",
                "sha256:f299c020c6679cb389814a3b81200fe55d428012c5e76da7e722491f5d205990",
                "sha256:f72f23bab1848edb7472309e9898603141644faec9fd57a823ea6b4d1c4c8995",
                "sha256:fa90bac61c9dc3e1a563e5babb3fd2c0c1c80567e815442ddbe561eadc803b30"
            ],
            "markers": "python_version >= '3.7'",
            "version": "==6.0"
        }
    },
    "develop": {}
}
